{
  "name": "easy-jsx-html-engine",
  "version": "0.1.2",
  "lockfileVersion": 3,
  "requires": true,
  "packages": {
    "": {
      "name": "easy-jsx-html-engine",
      "version": "0.1.2",
      "license": "MIT",
      "dependencies": {
        "clsx": "^2.1.1",
        "html-escaper": "^3.0.3"
      },
      "devDependencies": {
        "@types/html-escaper": "^3.0.2",
        "typescript": "^5.5.4"
      }
    },
    "node_modules/@types/html-escaper": {
      "version": "3.0.2",
      "resolved": "https://registry.npmjs.org/@types/html-escaper/-/html-escaper-3.0.2.tgz",
      "integrity": "sha512-A8vk09eyYzk8J/lFO4OUMKCmRN0rRzfZf4n3Olwapgox/PtTiU8zPYlL1UEkJ/WeHvV6v9Xnj3o/705PKz9r4Q==",
      "dev": true,
      "license": "MIT"
    },
    "node_modules/clsx": {
      "version": "2.1.1",
      "resolved": "https://registry.npmjs.org/clsx/-/clsx-2.1.1.tgz",
      "integrity": "sha512-eYm0QWBtUrBWZWG0d386OGAw16Z995PiOVo2B7bjWSbHedGl5e0ZWaq65kOGgUSNesEIDkB9ISbTg/JK9dhCZA==",
      "license": "MIT",
      "engines": {
        "node": ">=6"
      }
    },
    "node_modules/html-escaper": {
      "version": "3.0.3",
      "resolved": "https://registry.npmjs.org/html-escaper/-/html-escaper-3.0.3.tgz",
      "integrity": "sha512-RuMffC89BOWQoY0WKGpIhn5gX3iI54O6nRA0yC124NYVtzjmFWBIiFd8M0x+ZdX0P9R4lADg1mgP8C7PxGOWuQ==",
      "license": "MIT"
    },
    "node_modules/typescript": {
      "version": "5.5.4",
      "resolved": "https://registry.npmjs.org/typescript/-/typescript-5.5.4.tgz",
      "integrity": "sha512-Mtq29sKDAEYP7aljRgtPOpTvOfbwRWlS6dPRzwjdE+C0R4brX/GUyhHSecbHMFLNBLcJIPt9nl9yG5TZ1weH+Q==",
      "dev": true,
      "license": "Apache-2.0",
      "bin": {
        "tsc": "bin/tsc",
        "tsserver": "bin/tsserver"
      },
      "engines": {
        "node": ">=14.17"
      }
    }
  }
}
